// !$*UTF8*$!
{
	archiveVersion = 1;
	classes = {
	};
	objectVersion = 46;
	objects = {

/* Begin PBXBuildFile section */
		599BE8B11ADE9A25008B37F0 /* AppDelegate.swift in Sources */ = {isa = PBXBuildFile; fileRef = 599BE8B01ADE9A25008B37F0 /* AppDelegate.swift */; };
		599BE8B31ADE9A25008B37F0 /* ViewController.swift in Sources */ = {isa = PBXBuildFile; fileRef = 599BE8B21ADE9A25008B37F0 /* ViewController.swift */; };
		599BE8B61ADE9A25008B37F0 /* Main.storyboard in Resources */ = {isa = PBXBuildFile; fileRef = 599BE8B41ADE9A25008B37F0 /* Main.storyboard */; };
		599BE8B81ADE9A25008B37F0 /* Images.xcassets in Resources */ = {isa = PBXBuildFile; fileRef = 599BE8B71ADE9A25008B37F0 /* Images.xcassets */; };
		599BE8BB1ADE9A25008B37F0 /* LaunchScreen.xib in Resources */ = {isa = PBXBuildFile; fileRef = 599BE8B91ADE9A25008B37F0 /* LaunchScreen.xib */; };
		599BE8C71ADE9A25008B37F0 /* NagoyaMeibutsuTests.swift in Sources */ = {isa = PBXBuildFile; fileRef = 599BE8C61ADE9A25008B37F0 /* NagoyaMeibutsuTests.swift */; };
/* End PBXBuildFile section */

/* Begin PBXContainerItemProxy section */
		599BE8C11ADE9A25008B37F0 /* PBXContainerItemProxy */ = {
			isa = PBXContainerItemProxy;
			containerPortal = 599BE8A31ADE9A25008B37F0 /* Project object */;
			proxyType = 1;
			remoteGlobalIDString = 599BE8AA1ADE9A25008B37F0;
			remoteInfo = NagoyaMeibutsu;
		};
/* End PBXContainerItemProxy section */

/* Begin PBXFileReference section */
		599BE8AB1ADE9A25008B37F0 /* NagoyaMeibutsu.app */ = {isa = PBXFileReference; explicitFileType = wrapper.application; includeInIndex = 0; path = NagoyaMeibutsu.app; sourceTree = BUILT_PRODUCTS_DIR; };
		599BE8AF1ADE9A25008B37F0 /* Info.plist */ = {isa = PBXFileReference; lastKnownFileType = text.plist.xml; path = Info.plist; sourceTree = "<group>"; };
		599BE8B01ADE9A25008B37F0 /* AppDelegate.swift */ = {isa = PBXFileReference; lastKnownFileType = sourcecode.swift; path = AppDelegate.swift; sourceTree = "<group>"; };
		599BE8B21ADE9A25008B37F0 /* ViewController.swift */ = {isa = PBXFileReference; lastKnownFileType = sourcecode.swift; path = ViewController.swift; sourceTree = "<group>"; };
		599BE8B51ADE9A25008B37F0 /* Base */ = {isa = PBXFileReference; lastKnownFileType = file.storyboard; name = Base; path = Base.lproj/Main.storyboard; sourceTree = "<group>"; };
		599BE8B71ADE9A25008B37F0 /* Images.xcassets */ = {isa = PBXFileReference; lastKnownFileType = folder.assetcatalog; path = Images.xcassets; sourceTree = "<group>"; };
		599BE8BA1ADE9A25008B37F0 /* Base */ = {isa = PBXFileReference; lastKnownFileType = file.xib; name = Base; path = Base.lproj/LaunchScreen.xib; sourceTree = "<group>"; };
		599BE8C01ADE9A25008B37F0 /* NagoyaMeibutsuTests.xctest */ = {isa = PBXFileReference; explicitFileType = wrapper.cfbundle; includeInIndex = 0; path = NagoyaMeibutsuTests.xctest; sourceTree = BUILT_PRODUCTS_DIR; };
		599BE8C51ADE9A25008B37F0 /* Info.plist */ = {isa = PBXFileReference; lastKnownFileType = text.plist.xml; path = Info.plist; sourceTree = "<group>"; };
		599BE8C61ADE9A25008B37F0 /* NagoyaMeibutsuTests.swift */ = {isa = PBXFileReference; lastKnownFileType = sourcecode.swift; path = NagoyaMeibutsuTests.swift; sourceTree = "<group>"; };
/* End PBXFileReference section */

/* Begin PBXFrameworksBuildPhase section */
		599BE8A81ADE9A25008B37F0 /* Frameworks */ = {
			isa = PBXFrameworksBuildPhase;
			buildActionMask = 2147483647;
			files = (
			);
			runOnlyForDeploymentPostprocessing = 0;
		};
		599BE8BD1ADE9A25008B37F0 /* Frameworks */ = {
			isa = PBXFrameworksBuildPhase;
			buildActionMask = 2147483647;
			files = (
			);
			runOnlyForDeploymentPostprocessing = 0;
		};
/* End PBXFrameworksBuildPhase section */

/* Begin PBXGroup section */
		599BE8A21ADE9A25008B37F0 = {
			isa = PBXGroup;
			children = (
				599BE8AD1ADE9A25008B37F0 /* NagoyaMeibutsu */,
				599BE8C31ADE9A25008B37F0 /* NagoyaMeibutsuTests */,
				599BE8AC1ADE9A25008B37F0 /* Products */,
			);
			sourceTree = "<group>";
		};
		599BE8AC1ADE9A25008B37F0 /* Products */ = {
			isa = PBXGroup;
			children = (
				599BE8AB1ADE9A25008B37F0 /* NagoyaMeibutsu.app */,
				599BE8C01ADE9A25008B37F0 /* NagoyaMeibutsuTests.xctest */,
			);
			name = Products;
			sourceTree = "<group>";
		};
		599BE8AD1ADE9A25008B37F0 /* NagoyaMeibutsu */ = {
			isa = PBXGroup;
			children = (
				599BE8B01ADE9A25008B37F0 /* AppDelegate.swift */,
				599BE8B21ADE9A25008B37F0 /* ViewController.swift */,
				599BE8B41ADE9A25008B37F0 /* Main.storyboard */,
				599BE8B71ADE9A25008B37F0 /* Images.xcassets */,
				599BE8B91ADE9A25008B37F0 /* LaunchScreen.xib */,
				599BE8AE1ADE9A25008B37F0 /* Supporting Files */,
			);
			path = NagoyaMeibutsu;
			sourceTree = "<group>";
		};
		599BE8AE1ADE9A25008B37F0 /* Supporting Files */ = {
			isa = PBXGroup;
			children = (
				599BE8AF1ADE9A25008B37F0 /* Info.plist */,
			);
			name = "Supporting Files";
			sourceTree = "<group>";
		};
		599BE8C31ADE9A25008B37F0 /* NagoyaMeibutsuTests */ = {
			isa = PBXGroup;
			children = (
				599BE8C61ADE9A25008B37F0 /* NagoyaMeibutsuTests.swift */,
				599BE8C41ADE9A25008B37F0 /* Supporting Files */,
			);
			path = NagoyaMeibutsuTests;
			sourceTree = "<group>";
		};
		599BE8C41ADE9A25008B37F0 /* Supporting Files */ = {
			isa = PBXGroup;
			children = (
				599BE8C51ADE9A25008B37F0 /* Info.plist */,
			);
			name = "Supporting Files";
			sourceTree = "<group>";
		};
/* End PBXGroup section */

/* Begin PBXNativeTarget section */
		599BE8AA1ADE9A25008B37F0 /* NagoyaMeibutsu */ = {
			isa = PBXNativeTarget;
			buildConfigurationList = 599BE8CA1ADE9A25008B37F0 /* Build configuration list for PBXNativeTarget "NagoyaMeibutsu" */;
			buildPhases = (
				599BE8A71ADE9A25008B37F0 /* Sources */,
				599BE8A81ADE9A25008B37F0 /* Frameworks */,
				599BE8A91ADE9A25008B37F0 /* Resources */,
			);
			buildRules = (
			);
			dependencies = (
			);
			name = NagoyaMeibutsu;
			productName = NagoyaMeibutsu;
			productReference = 599BE8AB1ADE9A25008B37F0 /* NagoyaMeibutsu.app */;
			productType = "com.apple.product-type.application";
		};
		599BE8BF1ADE9A25008B37F0 /* NagoyaMeibutsuTests */ = {
			isa = PBXNativeTarget;
			buildConfigurationList = 599BE8CD1ADE9A25008B37F0 /* Build configuration list for PBXNativeTarget "NagoyaMeibutsuTests" */;
			buildPhases = (
				599BE8BC1ADE9A25008B37F0 /* Sources */,
				599BE8BD1ADE9A25008B37F0 /* Frameworks */,
				599BE8BE1ADE9A25008B37F0 /* Resources */,
			);
			buildRules = (
			);
			dependencies = (
				599BE8C21ADE9A25008B37F0 /* PBXTargetDependency */,
			);
			name = NagoyaMeibutsuTests;
			productName = NagoyaMeibutsuTests;
			productReference = 599BE8C01ADE9A25008B37F0 /* NagoyaMeibutsuTests.xctest */;
			productType = "com.apple.product-type.bundle.unit-test";
		};
/* End PBXNativeTarget section */

/* Begin PBXProject section */
		599BE8A31ADE9A25008B37F0 /* Project object */ = {
			isa = PBXProject;
			attributes = {
				LastUpgradeCheck = 0630;
				ORGANIZATIONNAME = "Kenichiro Sato";
				TargetAttributes = {
					599BE8AA1ADE9A25008B37F0 = {
						CreatedOnToolsVersion = 6.3;
					};
					599BE8BF1ADE9A25008B37F0 = {
						CreatedOnToolsVersion = 6.3;
						TestTargetID = 599BE8AA1ADE9A25008B37F0;
					};
				};
			};
			buildConfigurationList = 599BE8A61ADE9A25008B37F0 /* Build configuration list for PBXProject "NagoyaMeibutsu" */;
			compatibilityVersion = "Xcode 3.2";
			developmentRegion = English;
			hasScannedForEncodings = 0;
			knownRegions = (
				en,
				Base,
			);
			mainGroup = 599BE8A21ADE9A25008B37F0;
			productRefGroup = 599BE8AC1ADE9A25008B37F0 /* Products */;
			projectDirPath = "";
			projectRoot = "";
			targets = (
				599BE8AA1ADE9A25008B37F0 /* NagoyaMeibutsu */,
				599BE8BF1ADE9A25008B37F0 /* NagoyaMeibutsuTests */,
			);
		};
/* End PBXProject section */

/* Begin PBXResourcesBuildPhase section */
		599BE8A91ADE9A25008B37F0 /* Resources */ = {
			isa = PBXResourcesBuildPhase;
			buildActionMask = 2147483647;
			files = (
				599BE8B61ADE9A25008B37F0 /* Main.storyboard in Resources */,
				599BE8BB1ADE9A25008B37F0 /* LaunchScreen.xib in Resources */,
				599BE8B81ADE9A25008B37F0 /* Images.xcassets in Resources */,
			);
			runOnlyForDeploymentPostprocessing = 0;
		};
		599BE8BE1ADE9A25008B37F0 /* Resources */ = {
			isa = PBXResourcesBuildPhase;
			buildActionMask = 2147483647;
			files = (
			);
			runOnlyForDeploymentPostprocessing = 0;
		};
/* End PBXResourcesBuildPhase section */

/* Begin PBXSourcesBuildPhase section */
		599BE8A71ADE9A25008B37F0 /* Sources */ = {
			isa = PBXSourcesBuildPhase;
			buildActionMask = 2147483647;
			files = (
				599BE8B31ADE9A25008B37F0 /* ViewController.swift in Sources */,
				599BE8B11ADE9A25008B37F0 /* AppDelegate.swift in Sources */,
			);
			runOnlyForDeploymentPostprocessing = 0;
		};
		599BE8BC1ADE9A25008B37F0 /* Sources */ = {
			isa = PBXSourcesBuildPhase;
			buildActionMask = 2147483647;
			files = (
				599BE8C71ADE9A25008B37F0 /* NagoyaMeibutsuTests.swift in Sources */,
			);
			runOnlyForDeploymentPostprocessing = 0;
		};
/* End PBXSourcesBuildPhase section */

/* Begin PBXTargetDependency section */
		599BE8C21ADE9A25008B37F0 /* PBXTargetDependency */ = {
			isa = PBXTargetDependency;
			target = 599BE8AA1ADE9A25008B37F0 /* NagoyaMeibutsu */;
			targetProxy = 599BE8C11ADE9A25008B37F0 /* PBXContainerItemProxy */;
		};
/* End PBXTargetDependency section */

/* Begin PBXVariantGroup section */
		599BE8B41ADE9A25008B37F0 /* Main.storyboard */ = {
			isa = PBXVariantGroup;
			children = (
				599BE8B51ADE9A25008B37F0 /* Base */,
			);
			name = Main.storyboard;
			sourceTree = "<group>";
		};
		599BE8B91ADE9A25008B37F0 /* LaunchScreen.xib */ = {
			isa = PBXVariantGroup;
			children = (
				599BE8BA1ADE9A25008B37F0 /* Base */,
			);
			name = LaunchScreen.xib;
			sourceTree = "<group>";
		};
/* End PBXVariantGroup section */

/* Begin XCBuildConfiguration section */
		599BE8C81ADE9A25008B37F0 /* Debug */ = {
			isa = XCBuildConfiguration;
			buildSettings = {
				ALWAYS_SEARCH_USER_PATHS = NO;
				CLANG_CXX_LANGUAGE_STANDARD = "gnu++0x";
				CLANG_CXX_LIBRARY = "libc++";
				CLANG_ENABLE_MODULES = YES;
				CLANG_ENABLE_OBJC_ARC = YES;
				CLANG_WARN_BOOL_CONVERSION = YES;
				CLANG_WARN_CONSTANT_CONVERSION = YES;
				CLANG_WARN_DIRECT_OBJC_ISA_USAGE = YES_ERROR;
				CLANG_WARN_EMPTY_BODY = YES;
				CLANG_WARN_ENUM_CONVERSION = YES;
				CLANG_WARN_INT_CONVERSION = YES;
				CLANG_WARN_OBJC_ROOT_CLASS = YES_ERROR;
				CLANG_WARN_UNREACHABLE_CODE = YES;
				CLANG_WARN__DUPLICATE_METHOD_MATCH = YES;
				"CODE_SIGN_IDENTITY[sdk=iphoneos*]" = "iPhone Developer";
				COPY_PHASE_STRIP = NO;
				DEBUG_INFORMATION_FORMAT = "dwarf-with-dsym";
				ENABLE_STRICT_OBJC_MSGSEND = YES;
				GCC_C_LANGUAGE_STANDARD = gnu99;
				GCC_DYNAMIC_NO_PIC = NO;
				GCC_NO_COMMON_BLOCKS = YES;
				GCC_OPTIMIZATION_LEVEL = 0;
				GCC_PREPROCESSOR_DEFINITIONS = (
					"DEBUG=1",
					"$(inherited)",
				);
				GCC_SYMBOLS_PRIVATE_EXTERN = NO;
				GCC_WARN_64_TO_32_BIT_CONVERSION = YES;
				GCC_WARN_ABOUT_RETURN_TYPE = YES_ERROR;
				GCC_WARN_UNDECLARED_SELECTOR = YES;
				GCC_WARN_UNINITIALIZED_AUTOS = YES_AGGRESSIVE;
				GCC_WARN_UNUSED_FUNCTION = YES;
				GCC_WARN_UNUSED_VARIABLE = YES;
				IPHONEOS_DEPLOYMENT_TARGET = 8.3;
				MTL_ENABLE_DEBUG_INFO = YES;
				ONLY_ACTIVE_ARCH = YES;
				SDKROOT = iphoneos;
				SWIFT_OPTIMIZATION_LEVEL = "-Onone";
				TARGETED_DEVICE_FAMILY = "1,2";
			};
			name = Debug;
		};
		599BE8C91ADE9A25008B37F0 /* Release */ = {
			isa = XCBuildConfiguration;
			buildSettings = {
				ALWAYS_SEARCH_USER_PATHS = NO;
				CLANG_CXX_LANGUAGE_STANDARD = "gnu++0x";
				CLANG_CXX_LIBRARY = "libc++";
				CLANG_ENABLE_MODULES = YES;
				CLANG_ENABLE_OBJC_ARC = YES;
				CLANG_WARN_BOOL_CONVERSION = YES;
				CLANG_WARN_CONSTANT_CONVERSION = YES;
				CLANG_WARN_DIRECT_OBJC_ISA_USAGE = YES_ERROR;
				CLANG_WARN_EMPTY_BODY = YES;
				CLANG_WARN_ENUM_CONVERSION = YES;
				CLANG_WARN_INT_CONVERSION = YES;
				CLANG_WARN_OBJC_ROOT_CLASS = YES_ERROR;
				CLANG_WARN_UNREACHABLE_CODE = YES;
				CLANG_WARN__DUPLICATE_METHOD_MATCH = YES;
				"CODE_SIGN_IDENTITY[sdk=iphoneos*]" = "iPhone Developer";
				COPY_PHASE_STRIP = NO;
				DEBUG_INFORMATION_FORMAT = "dwarf-with-dsym";
				ENABLE_NS_ASSERTIONS = NO;
				ENABLE_STRICT_OBJC_MSGSEND = YES;
				GCC_C_LANGUAGE_STANDARD = gnu99;
				GCC_NO_COMMON_BLOCKS = YES;
				GCC_WARN_64_TO_32_BIT_CONVERSION = YES;
				GCC_WARN_ABOUT_RETURN_TYPE = YES_ERROR;
				GCC_WARN_UNDECLARED_SELECTOR = YES;
				GCC_WARN_UNINITIALIZED_AUTOS = YES_AGGRESSIVE;
				GCC_WARN_UNUSED_FUNCTION = YES;
				GCC_WARN_UNUSED_VARIABLE = YES;
				IPHONEOS_DEPLOYMENT_TARGET = 8.3;
				MTL_ENABLE_DEBUG_INFO = NO;
				SDKROOT = iphoneos;
				TARGETED_DEVICE_FAMILY = "1,2";
				VALIDATE_PRODUCT = YES;
			};
			name = Release;
		};
		599BE8CB1ADE9A25008B37F0 /* Debug */ = {
			isa = XCBuildConfiguration;
			buildSettings = {
				ASSETCATALOG_COMPILER_APPICON_NAME = AppIcon;
				INFOPLIST_FILE = NagoyaMeibutsu/Info.plist;
				LD_RUNPATH_SEARCH_PATHS = "$(inherited) @executable_path/Frameworks";
				PRODUCT_NAME = "$(TARGET_NAME)";
			};
			name = Debug;
		};
		599BE8CC1ADE9A25008B37F0 /* Release */ = {
			isa = XCBuildConfiguration;
			buildSettings = {
				ASSETCATALOG_COMPILER_APPICON_NAME = AppIcon;
				INFOPLIST_FILE = NagoyaMeibutsu/Info.plist;
				LD_RUNPATH_SEARCH_PATHS = "$(inherited) @executable_path/Frameworks";
				PRODUCT_NAME = "$(TARGET_NAME)";
			};
			name = Release;
		};
		599BE8CE1ADE9A25008B37F0 /* Debug */ = {
			isa = XCBuildConfiguration;
			buildSettings = {
				BUNDLE_LOADER = "$(TEST_HOST)";
				FRAMEWORK_SEARCH_PATHS = (
					"$(SDKROOT)/Developer/Library/Frameworks",
					"$(inherited)",
				);
				GCC_PREPROCESSOR_DEFINITIONS = (
					"DEBUG=1",
					"$(inherited)",
				);
				INFOPLIST_FILE = NagoyaMeibutsuTests/Info.plist;
				LD_RUNPATH_SEARCH_PATHS = "$(inherited) @executable_path/Frameworks @loader_path/Frameworks";
				PRODUCT_NAME = "$(TARGET_NAME)";
				TEST_HOST = "$(BUILT_PRODUCTS_DIR)/NagoyaMeibutsu.app/NagoyaMeibutsu";
			};
			name = Debug;
		};
		599BE8CF1ADE9A25008B37F0 /* Release */ = {
			isa = XCBuildConfiguration;
			buildSettings = {
				BUNDLE_LOADER = "$(TEST_HOST)";
				FRAMEWORK_SEARCH_PATHS = (
					"$(SDKROOT)/Developer/Library/Frameworks",
					"$(inherited)",
				);
				INFOPLIST_FILE = NagoyaMeibutsuTests/Info.plist;
				LD_RUNPATH_SEARCH_PATHS = "$(inherited) @executable_path/Frameworks @loader_path/Frameworks";
				PRODUCT_NAME = "$(TARGET_NAME)";
				TEST_HOST = "$(BUILT_PRODUCTS_DIR)/NagoyaMeibutsu.app/NagoyaMeibutsu";
			};
			name = Release;
		};
/* End XCBuildConfiguration section */

/* Begin XCConfigurationList section */
		599BE8A61ADE9A25008B37F0 /* Build configuration list for PBXProject "NagoyaMeibutsu" */ = {
			isa = XCConfigurationList;
			buildConfigurations = (
				599BE8C81ADE9A25008B37F0 /* Debug */,
				599BE8C91ADE9A25008B37F0 /* Release */,
			);
			defaultConfigurationIsVisible = 0;
			defaultConfigurationName = Release;
		};
		599BE8CA1ADE9A25008B37F0 /* Build configuration list for PBXNativeTarget "NagoyaMeibutsu" */ = {
			isa = XCConfigurationList;
			buildConfigurations = (
				599BE8CB1ADE9A25008B37F0 /* Debug */,
				599BE8CC1ADE9A25008B37F0 /* Release */,
			);
			defaultConfigurationIsVisible = 0;
		};
		599BE8CD1ADE9A25008B37F0 /* Build configuration list for PBXNativeTarget "NagoyaMeibutsuTests" */ = {
			isa = XCConfigurationList;
			buildConfigurations = (
				599BE8CE1ADE9A25008B37F0 /* Debug */,
				599BE8CF1ADE9A25008B37F0 /* Release */,
			);
			defaultConfigurationIsVisible = 0;
		};
/* End XCConfigurationList section */
	};
	rootObject = 599BE8A31ADE9A25008B37F0 /* Project object */;
}
